// !$*UTF8*$!
{
	archiveVersion = 1;
	classes = {
	};
	objectVersion = 56;
	objects = {

/* Begin PBXBuildFile section */
		A1B2C3D4E5F60001 /* ClaudeHistorySearchApp.swift in Sources */ = {isa = PBXBuildFile; fileRef = B1C2D3E4F5A60001 /* ClaudeHistorySearchApp.swift */; };
		A1B2C3D4E5F60002 /* SessionListView.swift in Sources */ = {isa = PBXBuildFile; fileRef = B1C2D3E4F5A60002 /* SessionListView.swift */; };
		A1B2C3D4E5F60003 /* SessionDetailView.swift in Sources */ = {isa = PBXBuildFile; fileRef = B1C2D3E4F5A60003 /* SessionDetailView.swift */; };
		A1B2C3D4E5F60004 /* MessageBubbleView.swift in Sources */ = {isa = PBXBuildFile; fileRef = B1C2D3E4F5A60004 /* MessageBubbleView.swift */; };
		A1B2C3D4E5F60005 /* Assets.xcassets in Resources */ = {isa = PBXBuildFile; fileRef = B1C2D3E4F5A60005 /* Assets.xcassets */; };
		A1B2C3D4E5F60006 /* ClaudeHistoryShared in Frameworks */ = {isa = PBXBuildFile; productRef = E1F2A3B4C5D60001 /* ClaudeHistoryShared */; };
		A2B3C4D5E6F70001 /* ClaudeHistorySearchMacApp.swift in Sources */ = {isa = PBXBuildFile; fileRef = B2C3D4E5F6A70001 /* ClaudeHistorySearchMacApp.swift */; };
		A2B3C4D5E6F70002 /* SearchPopoverView.swift in Sources */ = {isa = PBXBuildFile; fileRef = B2C3D4E5F6A70002 /* SearchPopoverView.swift */; };
		A2B3C4D5E6F70003 /* SearchResultRowView.swift in Sources */ = {isa = PBXBuildFile; fileRef = B2C3D4E5F6A70003 /* SearchResultRowView.swift */; };
		A2B3C4D5E6F70004 /* SessionDetailView.swift in Sources */ = {isa = PBXBuildFile; fileRef = B2C3D4E5F6A70004 /* SessionDetailView.swift */; };
		A2B3C4D5E6F70005 /* MessageRowView.swift in Sources */ = {isa = PBXBuildFile; fileRef = B2C3D4E5F6A70005 /* MessageRowView.swift */; };
		A2B3C4D5E6F70006 /* SettingsView.swift in Sources */ = {isa = PBXBuildFile; fileRef = B2C3D4E5F6A70006 /* SettingsView.swift */; };
		A2B3C4D5E6F70007 /* Assets.xcassets in Resources */ = {isa = PBXBuildFile; fileRef = B2C3D4E5F6A70007 /* Assets.xcassets */; };
		A2B3C4D5E6F70008 /* ClaudeHistoryShared in Frameworks */ = {isa = PBXBuildFile; productRef = E1F2A3B4C5D60002 /* ClaudeHistoryShared */; };
		A2B3C4D5E6F70009 /* AppDelegate.swift in Sources */ = {isa = PBXBuildFile; fileRef = B2C3D4E5F6A70008 /* AppDelegate.swift */; };
/* End PBXBuildFile section */

/* Begin PBXFileReference section */
		B1C2D3E4F5A60001 /* ClaudeHistorySearchApp.swift */ = {isa = PBXFileReference; lastKnownFileType = sourcecode.swift; path = ClaudeHistorySearchApp.swift; sourceTree = "<group>"; };
		B1C2D3E4F5A60002 /* SessionListView.swift */ = {isa = PBXFileReference; lastKnownFileType = sourcecode.swift; path = SessionListView.swift; sourceTree = "<group>"; };
		B1C2D3E4F5A60003 /* SessionDetailView.swift */ = {isa = PBXFileReference; lastKnownFileType = sourcecode.swift; path = SessionDetailView.swift; sourceTree = "<group>"; };
		B1C2D3E4F5A60004 /* MessageBubbleView.swift */ = {isa = PBXFileReference; lastKnownFileType = sourcecode.swift; path = MessageBubbleView.swift; sourceTree = "<group>"; };
		B1C2D3E4F5A60005 /* Assets.xcassets */ = {isa = PBXFileReference; lastKnownFileType = folder.assetcatalog; path = Assets.xcassets; sourceTree = "<group>"; };
		B2C3D4E5F6A70001 /* ClaudeHistorySearchMacApp.swift */ = {isa = PBXFileReference; lastKnownFileType = sourcecode.swift; path = ClaudeHistorySearchMacApp.swift; sourceTree = "<group>"; };
		B2C3D4E5F6A70002 /* SearchPopoverView.swift */ = {isa = PBXFileReference; lastKnownFileType = sourcecode.swift; path = SearchPopoverView.swift; sourceTree = "<group>"; };
		B2C3D4E5F6A70003 /* SearchResultRowView.swift */ = {isa = PBXFileReference; lastKnownFileType = sourcecode.swift; path = SearchResultRowView.swift; sourceTree = "<group>"; };
		B2C3D4E5F6A70004 /* SessionDetailView.swift */ = {isa = PBXFileReference; lastKnownFileType = sourcecode.swift; path = SessionDetailView.swift; sourceTree = "<group>"; };
		B2C3D4E5F6A70005 /* MessageRowView.swift */ = {isa = PBXFileReference; lastKnownFileType = sourcecode.swift; path = MessageRowView.swift; sourceTree = "<group>"; };
		B2C3D4E5F6A70006 /* SettingsView.swift */ = {isa = PBXFileReference; lastKnownFileType = sourcecode.swift; path = SettingsView.swift; sourceTree = "<group>"; };
		B2C3D4E5F6A70007 /* Assets.xcassets */ = {isa = PBXFileReference; lastKnownFileType = folder.assetcatalog; path = Assets.xcassets; sourceTree = "<group>"; };
		B2C3D4E5F6A70008 /* AppDelegate.swift */ = {isa = PBXFileReference; lastKnownFileType = sourcecode.swift; path = AppDelegate.swift; sourceTree = "<group>"; };
		C1D2E3F4A5B60001 /* ClaudeHistorySearch.app */ = {isa = PBXFileReference; explicitFileType = wrapper.application; includeInIndex = 0; path = ClaudeHistorySearch.app; sourceTree = BUILT_PRODUCTS_DIR; };
		C2D3E4F5A6B70001 /* ClaudeHistorySearchMac.app */ = {isa = PBXFileReference; explicitFileType = wrapper.application; includeInIndex = 0; path = ClaudeHistorySearchMac.app; sourceTree = BUILT_PRODUCTS_DIR; };
/* End PBXFileReference section */

/* Begin PBXFrameworksBuildPhase section */
		D1E2F3A4B5C60001 /* Frameworks */ = {
			isa = PBXFrameworksBuildPhase;
			buildActionMask = 2147483647;
			files = (
				A1B2C3D4E5F60006 /* ClaudeHistoryShared in Frameworks */,
			);
			runOnlyForDeploymentPostprocessing = 0;
		};
		D2E3F4A5B6C70001 /* Frameworks */ = {
			isa = PBXFrameworksBuildPhase;
			buildActionMask = 2147483647;
			files = (
				A2B3C4D5E6F70008 /* ClaudeHistoryShared in Frameworks */,
			);
			runOnlyForDeploymentPostprocessing = 0;
		};
/* End PBXFrameworksBuildPhase section */

/* Begin PBXGroup section */
		F1A2B3C4D5E60001 = {
			isa = PBXGroup;
			children = (
				F1A2B3C4D5E60002 /* ClaudeHistorySearch */,
				F2A3B4C5D6E70001 /* ClaudeHistorySearchMac */,
				F1A2B3C4D5E60003 /* Shared */,
				F1A2B3C4D5E60004 /* Products */,
			);
			sourceTree = "<group>";
		};
		F1A2B3C4D5E60002 /* ClaudeHistorySearch */ = {
			isa = PBXGroup;
			children = (
				F1A2B3C4D5E60005 /* App */,
				F1A2B3C4D5E60006 /* Views */,
				B1C2D3E4F5A60005 /* Assets.xcassets */,
			);
			path = ClaudeHistorySearch;
			sourceTree = "<group>";
		};
		F1A2B3C4D5E60003 /* Shared */ = {
			isa = PBXGroup;
			name = Shared;
			path = Shared;
			sourceTree = "<group>";
		};
		F1A2B3C4D5E60004 /* Products */ = {
			isa = PBXGroup;
			children = (
				C1D2E3F4A5B60001 /* ClaudeHistorySearch.app */,
				C2D3E4F5A6B70001 /* ClaudeHistorySearchMac.app */,
			);
			name = Products;
			sourceTree = "<group>";
		};
		F1A2B3C4D5E60005 /* App */ = {
			isa = PBXGroup;
			children = (
				B1C2D3E4F5A60001 /* ClaudeHistorySearchApp.swift */,
			);
			path = App;
			sourceTree = "<group>";
		};
		F1A2B3C4D5E60006 /* Views */ = {
			isa = PBXGroup;
			children = (
				B1C2D3E4F5A60002 /* SessionListView.swift */,
				B1C2D3E4F5A60003 /* SessionDetailView.swift */,
				B1C2D3E4F5A60004 /* MessageBubbleView.swift */,
			);
			path = Views;
			sourceTree = "<group>";
		};
		F2A3B4C5D6E70001 /* ClaudeHistorySearchMac */ = {
			isa = PBXGroup;
			children = (
				B2C3D4E5F6A70001 /* ClaudeHistorySearchMacApp.swift */,
				B2C3D4E5F6A70008 /* AppDelegate.swift */,
				F2A3B4C5D6E70002 /* Views */,
				B2C3D4E5F6A70007 /* Assets.xcassets */,
			);
			path = ClaudeHistorySearchMac;
			sourceTree = "<group>";
		};
		F2A3B4C5D6E70002 /* Views */ = {
			isa = PBXGroup;
			children = (
				B2C3D4E5F6A70002 /* SearchPopoverView.swift */,
				B2C3D4E5F6A70003 /* SearchResultRowView.swift */,
				B2C3D4E5F6A70004 /* SessionDetailView.swift */,
				B2C3D4E5F6A70005 /* MessageRowView.swift */,
				B2C3D4E5F6A70006 /* SettingsView.swift */,
			);
			path = Views;
			sourceTree = "<group>";
		};
/* End PBXGroup section */

/* Begin PBXNativeTarget section */
		G1H2I3J4K5L60001 /* ClaudeHistorySearch */ = {
			isa = PBXNativeTarget;
			buildConfigurationList = H1I2J3K4L5M60001 /* Build configuration list for PBXNativeTarget "ClaudeHistorySearch" */;
			buildPhases = (
				I1J2K3L4M5N60001 /* Sources */,
				D1E2F3A4B5C60001 /* Frameworks */,
				J1K2L3M4N5O60001 /* Resources */,
			);
			buildRules = (
			);
			dependencies = (
			);
			name = ClaudeHistorySearch;
			packageProductDependencies = (
				E1F2A3B4C5D60001 /* ClaudeHistoryShared */,
			);
			productName = ClaudeHistorySearch;
			productReference = C1D2E3F4A5B60001 /* ClaudeHistorySearch.app */;
			productType = "com.apple.product-type.application";
		};
		G2H3I4J5K6L70001 /* ClaudeHistorySearchMac */ = {
			isa = PBXNativeTarget;
			buildConfigurationList = H2I3J4K5L6M70001 /* Build configuration list for PBXNativeTarget "ClaudeHistorySearchMac" */;
			buildPhases = (
				I2J3K4L5M6N70001 /* Sources */,
				D2E3F4A5B6C70001 /* Frameworks */,
				J2K3L4M5N6O70001 /* Resources */,
			);
			buildRules = (
			);
			dependencies = (
			);
			name = ClaudeHistorySearchMac;
			packageProductDependencies = (
				E1F2A3B4C5D60002 /* ClaudeHistoryShared */,
			);
			productName = ClaudeHistorySearchMac;
			productReference = C2D3E4F5A6B70001 /* ClaudeHistorySearchMac.app */;
			productType = "com.apple.product-type.application";
		};
/* End PBXNativeTarget section */

/* Begin PBXProject section */
		K1L2M3N4O5P60001 /* Project object */ = {
			isa = PBXProject;
			attributes = {
				BuildIndependentTargetsInParallel = 1;
				LastSwiftUpdateCheck = 1500;
				LastUpgradeCheck = 1500;
				TargetAttributes = {
					G1H2I3J4K5L60001 = {
						CreatedOnToolsVersion = 15.0;
					};
					G2H3I4J5K6L70001 = {
						CreatedOnToolsVersion = 15.0;
					};
				};
			};
			buildConfigurationList = L1M2N3O4P5Q60001 /* Build configuration list for PBXProject "ClaudeHistorySearch" */;
			compatibilityVersion = "Xcode 14.0";
			developmentRegion = en;
			hasScannedForEncodings = 0;
			knownRegions = (
				en,
				Base,
			);
			mainGroup = F1A2B3C4D5E60001;
			packageReferences = (
				M1N2O3P4Q5R60001 /* XCLocalSwiftPackageReference "Shared" */,
			);
			productRefGroup = F1A2B3C4D5E60004 /* Products */;
			projectDirPath = "";
			projectRoot = "";
			targets = (
				G1H2I3J4K5L60001 /* ClaudeHistorySearch */,
				G2H3I4J5K6L70001 /* ClaudeHistorySearchMac */,
			);
		};
/* End PBXProject section */

/* Begin PBXResourcesBuildPhase section */
		J1K2L3M4N5O60001 /* Resources */ = {
			isa = PBXResourcesBuildPhase;
			buildActionMask = 2147483647;
			files = (
				A1B2C3D4E5F60005 /* Assets.xcassets in Resources */,
			);
			runOnlyForDeploymentPostprocessing = 0;
		};
		J2K3L4M5N6O70001 /* Resources */ = {
			isa = PBXResourcesBuildPhase;
			buildActionMask = 2147483647;
			files = (
				A2B3C4D5E6F70007 /* Assets.xcassets in Resources */,
			);
			runOnlyForDeploymentPostprocessing = 0;
		};
/* End PBXResourcesBuildPhase section */

/* Begin PBXSourcesBuildPhase section */
		I1J2K3L4M5N60001 /* Sources */ = {
			isa = PBXSourcesBuildPhase;
			buildActionMask = 2147483647;
			files = (
				A1B2C3D4E5F60001 /* ClaudeHistorySearchApp.swift in Sources */,
				A1B2C3D4E5F60002 /* SessionListView.swift in Sources */,
				A1B2C3D4E5F60003 /* SessionDetailView.swift in Sources */,
				A1B2C3D4E5F60004 /* MessageBubbleView.swift in Sources */,
			);
			runOnlyForDeploymentPostprocessing = 0;
		};
		I2J3K4L5M6N70001 /* Sources */ = {
			isa = PBXSourcesBuildPhase;
			buildActionMask = 2147483647;
			files = (
				A2B3C4D5E6F70001 /* ClaudeHistorySearchMacApp.swift in Sources */,
				A2B3C4D5E6F70009 /* AppDelegate.swift in Sources */,
				A2B3C4D5E6F70002 /* SearchPopoverView.swift in Sources */,
				A2B3C4D5E6F70003 /* SearchResultRowView.swift in Sources */,
				A2B3C4D5E6F70004 /* SessionDetailView.swift in Sources */,
				A2B3C4D5E6F70005 /* MessageRowView.swift in Sources */,
				A2B3C4D5E6F70006 /* SettingsView.swift in Sources */,
			);
			runOnlyForDeploymentPostprocessing = 0;
		};
/* End PBXSourcesBuildPhase section */

/* Begin XCBuildConfiguration section */
		N1O2P3Q4R5S60001 /* Debug */ = {
			isa = XCBuildConfiguration;
			buildSettings = {
				ALWAYS_SEARCH_USER_PATHS = NO;
				ASSETCATALOG_COMPILER_GENERATE_SWIFT_ASSET_SYMBOL_EXTENSIONS = YES;
				CLANG_ANALYZER_NONNULL = YES;
				CLANG_ANALYZER_NUMBER_OBJECT_CONVERSION = YES_AGGRESSIVE;
				CLANG_CXX_LANGUAGE_STANDARD = "gnu++20";
				CLANG_ENABLE_MODULES = YES;
				CLANG_ENABLE_OBJC_ARC = YES;
				CLANG_ENABLE_OBJC_WEAK = YES;
				CLANG_WARN_BLOCK_CAPTURE_AUTORELEASING = YES;
				CLANG_WARN_BOOL_CONVERSION = YES;
				CLANG_WARN_COMMA = YES;
				CLANG_WARN_CONSTANT_CONVERSION = YES;
				CLANG_WARN_DEPRECATED_OBJC_IMPLEMENTATIONS = YES;
				CLANG_WARN_DIRECT_OBJC_ISA_USAGE = YES_ERROR;
				CLANG_WARN_DOCUMENTATION_COMMENTS = YES;
				CLANG_WARN_EMPTY_BODY = YES;
				CLANG_WARN_ENUM_CONVERSION = YES;
				CLANG_WARN_INFINITE_RECURSION = YES;
				CLANG_WARN_INT_CONVERSION = YES;
				CLANG_WARN_NON_LITERAL_NULL_CONVERSION = YES;
				CLANG_WARN_OBJC_IMPLICIT_RETAIN_SELF = YES;
				CLANG_WARN_OBJC_LITERAL_CONVERSION = YES;
				CLANG_WARN_OBJC_ROOT_CLASS = YES_ERROR;
				CLANG_WARN_QUOTED_INCLUDE_IN_FRAMEWORK_HEADER = YES;
				CLANG_WARN_RANGE_LOOP_ANALYSIS = YES;
				CLANG_WARN_STRICT_PROTOTYPES = YES;
				CLANG_WARN_SUSPICIOUS_MOVE = YES;
				CLANG_WARN_UNGUARDED_AVAILABILITY = YES_AGGRESSIVE;
				CLANG_WARN_UNREACHABLE_CODE = YES;
				CLANG_WARN__DUPLICATE_METHOD_MATCH = YES;
				COPY_PHASE_STRIP = NO;
				DEBUG_INFORMATION_FORMAT = dwarf;
				ENABLE_STRICT_OBJC_MSGSEND = YES;
				ENABLE_TESTABILITY = YES;
				ENABLE_USER_SCRIPT_SANDBOXING = YES;
				GCC_C_LANGUAGE_STANDARD = gnu17;
				GCC_DYNAMIC_NO_PIC = NO;
				GCC_NO_COMMON_BLOCKS = YES;
				GCC_OPTIMIZATION_LEVEL = 0;
				GCC_PREPROCESSOR_DEFINITIONS = (
					"DEBUG=1",
					"$(inherited)",
				);
				GCC_WARN_64_TO_32_BIT_CONVERSION = YES;
				GCC_WARN_ABOUT_RETURN_TYPE = YES_ERROR;
				GCC_WARN_UNDECLARED_SELECTOR = YES;
				GCC_WARN_UNINITIALIZED_AUTOS = YES_AGGRESSIVE;
				GCC_WARN_UNUSED_FUNCTION = YES;
				GCC_WARN_UNUSED_VARIABLE = YES;
				IPHONEOS_DEPLOYMENT_TARGET = 17.0;
				LOCALIZATION_PREFERS_STRING_CATALOGS = YES;
				MACOSX_DEPLOYMENT_TARGET = 13.0;
				MTL_ENABLE_DEBUG_INFO = INCLUDE_SOURCE;
				MTL_FAST_MATH = YES;
				ONLY_ACTIVE_ARCH = YES;
				SWIFT_ACTIVE_COMPILATION_CONDITIONS = "DEBUG $(inherited)";
				SWIFT_OPTIMIZATION_LEVEL = "-Onone";
			};
			name = Debug;
		};
		N1O2P3Q4R5S60002 /* Release */ = {
			isa = XCBuildConfiguration;
			buildSettings = {
				ALWAYS_SEARCH_USER_PATHS = NO;
				ASSETCATALOG_COMPILER_GENERATE_SWIFT_ASSET_SYMBOL_EXTENSIONS = YES;
				CLANG_ANALYZER_NONNULL = YES;
				CLANG_ANALYZER_NUMBER_OBJECT_CONVERSION = YES_AGGRESSIVE;
				CLANG_CXX_LANGUAGE_STANDARD = "gnu++20";
				CLANG_ENABLE_MODULES = YES;
				CLANG_ENABLE_OBJC_ARC = YES;
				CLANG_ENABLE_OBJC_WEAK = YES;
				CLANG_WARN_BLOCK_CAPTURE_AUTORELEASING = YES;
				CLANG_WARN_BOOL_CONVERSION = YES;
				CLANG_WARN_COMMA = YES;
				CLANG_WARN_CONSTANT_CONVERSION = YES;
				CLANG_WARN_DEPRECATED_OBJC_IMPLEMENTATIONS = YES;
				CLANG_WARN_DIRECT_OBJC_ISA_USAGE = YES_ERROR;
				CLANG_WARN_DOCUMENTATION_COMMENTS = YES;
				CLANG_WARN_EMPTY_BODY = YES;
				CLANG_WARN_ENUM_CONVERSION = YES;
				CLANG_WARN_INFINITE_RECURSION = YES;
				CLANG_WARN_INT_CONVERSION = YES;
				CLANG_WARN_NON_LITERAL_NULL_CONVERSION = YES;
				CLANG_WARN_OBJC_IMPLICIT_RETAIN_SELF = YES;
				CLANG_WARN_OBJC_LITERAL_CONVERSION = YES;
				CLANG_WARN_OBJC_ROOT_CLASS = YES_ERROR;
				CLANG_WARN_QUOTED_INCLUDE_IN_FRAMEWORK_HEADER = YES;
				CLANG_WARN_RANGE_LOOP_ANALYSIS = YES;
				CLANG_WARN_STRICT_PROTOTYPES = YES;
				CLANG_WARN_SUSPICIOUS_MOVE = YES;
				CLANG_WARN_UNGUARDED_AVAILABILITY = YES_AGGRESSIVE;
				CLANG_WARN_UNREACHABLE_CODE = YES;
				CLANG_WARN__DUPLICATE_METHOD_MATCH = YES;
				COPY_PHASE_STRIP = NO;
				DEBUG_INFORMATION_FORMAT = "dwarf-with-dsym";
				ENABLE_NS_ASSERTIONS = NO;
				ENABLE_STRICT_OBJC_MSGSEND = YES;
				ENABLE_USER_SCRIPT_SANDBOXING = YES;
				GCC_C_LANGUAGE_STANDARD = gnu17;
				GCC_NO_COMMON_BLOCKS = YES;
				GCC_WARN_64_TO_32_BIT_CONVERSION = YES;
				GCC_WARN_ABOUT_RETURN_TYPE = YES_ERROR;
				GCC_WARN_UNDECLARED_SELECTOR = YES;
				GCC_WARN_UNINITIALIZED_AUTOS = YES_AGGRESSIVE;
				GCC_WARN_UNUSED_FUNCTION = YES;
				GCC_WARN_UNUSED_VARIABLE = YES;
				IPHONEOS_DEPLOYMENT_TARGET = 17.0;
				LOCALIZATION_PREFERS_STRING_CATALOGS = YES;
				MACOSX_DEPLOYMENT_TARGET = 13.0;
				MTL_ENABLE_DEBUG_INFO = NO;
				MTL_FAST_MATH = YES;
				SWIFT_COMPILATION_MODE = wholemodule;
				VALIDATE_PRODUCT = YES;
			};
			name = Release;
		};
		O1P2Q3R4S5T60001 /* Debug */ = {
			isa = XCBuildConfiguration;
			buildSettings = {
				ASSETCATALOG_COMPILER_APPICON_NAME = AppIcon;
				ASSETCATALOG_COMPILER_GLOBAL_ACCENT_COLOR_NAME = AccentColor;
				CODE_SIGN_STYLE = Automatic;
				CURRENT_PROJECT_VERSION = 1;
				DEVELOPMENT_TEAM = "";
				ENABLE_PREVIEWS = YES;
				GENERATE_INFOPLIST_FILE = YES;
				INFOPLIST_KEY_CFBundleDisplayName = "Claude History";
				INFOPLIST_KEY_LSApplicationCategoryType = "public.app-category.developer-tools";
				INFOPLIST_KEY_NSLocalNetworkUsageDescription = "This app needs to discover the Claude History Server on your local network.";
				INFOPLIST_KEY_UIApplicationSceneManifest_Generation = YES;
				INFOPLIST_KEY_UIApplicationSupportsIndirectInputEvents = YES;
				INFOPLIST_KEY_UILaunchScreen_Generation = YES;
				INFOPLIST_KEY_UISupportedInterfaceOrientations_iPad = "UIInterfaceOrientationPortrait UIInterfaceOrientationPortraitUpsideDown UIInterfaceOrientationLandscapeLeft UIInterfaceOrientationLandscapeRight";
				INFOPLIST_KEY_UISupportedInterfaceOrientations_iPhone = "UIInterfaceOrientationPortrait UIInterfaceOrientationLandscapeLeft UIInterfaceOrientationLandscapeRight";
				LD_RUNPATH_SEARCH_PATHS = (
					"$(inherited)",
					"@executable_path/Frameworks",
				);
				MARKETING_VERSION = 1.0;
				PRODUCT_BUNDLE_IDENTIFIER = com.example.ClaudeHistorySearch;
				PRODUCT_NAME = "$(TARGET_NAME)";
				SDKROOT = iphoneos;
				SWIFT_EMIT_LOC_STRINGS = YES;
				SWIFT_VERSION = 5.0;
				TARGETED_DEVICE_FAMILY = "1,2";
			};
			name = Debug;
		};
		O1P2Q3R4S5T60002 /* Release */ = {
			isa = XCBuildConfiguration;
			buildSettings = {
				ASSETCATALOG_COMPILER_APPICON_NAME = AppIcon;
				ASSETCATALOG_COMPILER_GLOBAL_ACCENT_COLOR_NAME = AccentColor;
				CODE_SIGN_STYLE = Automatic;
				CURRENT_PROJECT_VERSION = 1;
				DEVELOPMENT_TEAM = "";
				ENABLE_PREVIEWS = YES;
				GENERATE_INFOPLIST_FILE = YES;
				INFOPLIST_KEY_CFBundleDisplayName = "Claude History";
				INFOPLIST_KEY_LSApplicationCategoryType = "public.app-category.developer-tools";
				INFOPLIST_KEY_NSLocalNetworkUsageDescription = "This app needs to discover the Claude History Server on your local network.";
				INFOPLIST_KEY_UIApplicationSceneManifest_Generation = YES;
				INFOPLIST_KEY_UIApplicationSupportsIndirectInputEvents = YES;
				INFOPLIST_KEY_UILaunchScreen_Generation = YES;
				INFOPLIST_KEY_UISupportedInterfaceOrientations_iPad = "UIInterfaceOrientationPortrait UIInterfaceOrientationPortraitUpsideDown UIInterfaceOrientationLandscapeLeft UIInterfaceOrientationLandscapeRight";
				INFOPLIST_KEY_UISupportedInterfaceOrientations_iPhone = "UIInterfaceOrientationPortrait UIInterfaceOrientationLandscapeLeft UIInterfaceOrientationLandscapeRight";
				LD_RUNPATH_SEARCH_PATHS = (
					"$(inherited)",
					"@executable_path/Frameworks",
				);
				MARKETING_VERSION = 1.0;
				PRODUCT_BUNDLE_IDENTIFIER = com.example.ClaudeHistorySearch;
				PRODUCT_NAME = "$(TARGET_NAME)";
				SDKROOT = iphoneos;
				SWIFT_EMIT_LOC_STRINGS = YES;
				SWIFT_VERSION = 5.0;
				TARGETED_DEVICE_FAMILY = "1,2";
			};
			name = Release;
		};
		O2P3Q4R5S6T70001 /* Debug */ = {
			isa = XCBuildConfiguration;
			buildSettings = {
				ASSETCATALOG_COMPILER_APPICON_NAME = AppIcon;
				ASSETCATALOG_COMPILER_GLOBAL_ACCENT_COLOR_NAME = AccentColor;
				CODE_SIGN_ENTITLEMENTS = ClaudeHistorySearchMac/ClaudeHistorySearchMac.entitlements;
				CODE_SIGN_STYLE = Automatic;
				COMBINE_HIDPI_IMAGES = YES;
				CURRENT_PROJECT_VERSION = 1;
				DEVELOPMENT_TEAM = "";
				ENABLE_HARDENED_RUNTIME = YES;
				ENABLE_PREVIEWS = YES;
				GENERATE_INFOPLIST_FILE = YES;
				INFOPLIST_FILE = ClaudeHistorySearchMac/Info.plist;
				INFOPLIST_KEY_CFBundleDisplayName = "Claude History";
				INFOPLIST_KEY_LSApplicationCategoryType = "public.app-category.developer-tools";
				INFOPLIST_KEY_LSUIElement = YES;
				INFOPLIST_KEY_NSLocalNetworkUsageDescription = "This app needs to discover the Claude History Server on your local network.";
				LD_RUNPATH_SEARCH_PATHS = (
					"$(inherited)",
					"@executable_path/../Frameworks",
				);
				MARKETING_VERSION = 1.0;
				PRODUCT_BUNDLE_IDENTIFIER = com.example.ClaudeHistorySearchMac;
				PRODUCT_NAME = "$(TARGET_NAME)";
				SDKROOT = macosx;
				SWIFT_EMIT_LOC_STRINGS = YES;
				SWIFT_VERSION = 5.0;
			};
			name = Debug;
		};
		O2P3Q4R5S6T70002 /* Release */ = {
			isa = XCBuildConfiguration;
			buildSettings = {
				ASSETCATALOG_COMPILER_APPICON_NAME = AppIcon;
				ASSETCATALOG_COMPILER_GLOBAL_ACCENT_COLOR_NAME = AccentColor;
				CODE_SIGN_ENTITLEMENTS = ClaudeHistorySearchMac/ClaudeHistorySearchMac.entitlements;
				CODE_SIGN_STYLE = Automatic;
				COMBINE_HIDPI_IMAGES = YES;
				CURRENT_PROJECT_VERSION = 1;
				DEVELOPMENT_TEAM = "";
				ENABLE_HARDENED_RUNTIME = YES;
				ENABLE_PREVIEWS = YES;
				GENERATE_INFOPLIST_FILE = YES;
				INFOPLIST_FILE = ClaudeHistorySearchMac/Info.plist;
				INFOPLIST_KEY_CFBundleDisplayName = "Claude History";
				INFOPLIST_KEY_LSApplicationCategoryType = "public.app-category.developer-tools";
				INFOPLIST_KEY_LSUIElement = YES;
				INFOPLIST_KEY_NSLocalNetworkUsageDescription = "This app needs to discover the Claude History Server on your local network.";
				LD_RUNPATH_SEARCH_PATHS = (
					"$(inherited)",
					"@executable_path/../Frameworks",
				);
				MARKETING_VERSION = 1.0;
				PRODUCT_BUNDLE_IDENTIFIER = com.example.ClaudeHistorySearchMac;
				PRODUCT_NAME = "$(TARGET_NAME)";
				SDKROOT = macosx;
				SWIFT_EMIT_LOC_STRINGS = YES;
				SWIFT_VERSION = 5.0;
			};
			name = Release;
		};
/* End XCBuildConfiguration section */

/* Begin XCConfigurationList section */
		H1I2J3K4L5M60001 /* Build configuration list for PBXNativeTarget "ClaudeHistorySearch" */ = {
			isa = XCConfigurationList;
			buildConfigurations = (
				O1P2Q3R4S5T60001 /* Debug */,
				O1P2Q3R4S5T60002 /* Release */,
			);
			defaultConfigurationIsVisible = 0;
			defaultConfigurationName = Release;
		};
		H2I3J4K5L6M70001 /* Build configuration list for PBXNativeTarget "ClaudeHistorySearchMac" */ = {
			isa = XCConfigurationList;
			buildConfigurations = (
				O2P3Q4R5S6T70001 /* Debug */,
				O2P3Q4R5S6T70002 /* Release */,
			);
			defaultConfigurationIsVisible = 0;
			defaultConfigurationName = Release;
		};
		L1M2N3O4P5Q60001 /* Build configuration list for PBXProject "ClaudeHistorySearch" */ = {
			isa = XCConfigurationList;
			buildConfigurations = (
				N1O2P3Q4R5S60001 /* Debug */,
				N1O2P3Q4R5S60002 /* Release */,
			);
			defaultConfigurationIsVisible = 0;
			defaultConfigurationName = Release;
		};
/* End XCConfigurationList section */

/* Begin XCLocalSwiftPackageReference section */
		M1N2O3P4Q5R60001 /* XCLocalSwiftPackageReference "Shared" */ = {
			isa = XCLocalSwiftPackageReference;
			relativePath = Shared;
		};
/* End XCLocalSwiftPackageReference section */

/* Begin XCSwiftPackageProductDependency section */
		E1F2A3B4C5D60001 /* ClaudeHistoryShared */ = {
			isa = XCSwiftPackageProductDependency;
			productName = ClaudeHistoryShared;
		};
		E1F2A3B4C5D60002 /* ClaudeHistoryShared */ = {
			isa = XCSwiftPackageProductDependency;
			productName = ClaudeHistoryShared;
		};
/* End XCSwiftPackageProductDependency section */
	};
	rootObject = K1L2M3N4O5P60001 /* Project object */;
}
